{
  "name": "CrazyTravel-n",
  "lockfileVersion": 3,
  "requires": true,
  "packages": {
    "": {
      "dependencies": {
        "@paypal/react-paypal-js": "^10.0.0"
      }
    },
    "node_modules/@paypal/paypal-js": {
      "version": "10.0.0",
      "resolved": "https://registry.npmjs.org/@paypal/paypal-js/-/paypal-js-10.0.0.tgz",
      "integrity": "sha512-IOAA8Ls7A5WXH8vV8Lbh+QTyVsQWbmqzCMvNFmGO/56D+7i5OMXhjzG2Qhz0WHSiVe+IutqJMWPX2dHJXA7Kgw==",
      "license": "Apache-2.0",
      "dependencies": {
        "promise-polyfill": "^8.3.0"
      }
    },
    "node_modules/@paypal/react-paypal-js": {
      "version": "10.0.0",
      "resolved": "https://registry.npmjs.org/@paypal/react-paypal-js/-/react-paypal-js-10.0.0.tgz",
      "integrity": "sha512-65ry+7rJE2sjwPGrW2pSPM8ye2pYxIFO/DpAd0QfkJ56FHc281paAHc5OTg/cZf88UUXkn7hltLDZ60CRfjIrQ==",
      "license": "Apache-2.0",
      "dependencies": {
        "@paypal/paypal-js": "^10.0.0",
        "@paypal/sdk-constants": "^1.0.122",
        "server-only": "^0.0.1"
      },
      "peerDependencies": {
        "react": "^16.8.0 || ^17 || ^18 || ^19",
        "react-dom": "^16.8.0 || ^17 || ^18 || ^19"
      }
    },
    "node_modules/@paypal/sdk-constants": {
      "version": "1.0.158",
      "resolved": "https://registry.npmjs.org/@paypal/sdk-constants/-/sdk-constants-1.0.158.tgz",
      "integrity": "sha512-OrX2kN4gsBl6fG1GS1ewsNk7TTqYmdtUMVaJ+wAzPhsv9M7dfni95WuJdt4pMALOo5ioZeJ05a16BUSca5IC+Q==",
      "license": "Apache-2.0",
      "dependencies": {
        "hi-base32": "^0.5.0"
      }
    },
    "node_modules/hi-base32": {
      "version": "0.5.1",
      "resolved": "https://registry.npmjs.org/hi-base32/-/hi-base32-0.5.1.tgz",
      "integrity": "sha512-EmBBpvdYh/4XxsnUybsPag6VikPYnN30td+vQk+GI3qpahVEG9+gTkG0aXVxTjBqQ5T6ijbWIu77O+C5WFWsnA==",
      "license": "MIT"
    },
    "node_modules/promise-polyfill": {
      "version": "8.3.0",
      "resolved": "https://registry.npmjs.org/promise-polyfill/-/promise-polyfill-8.3.0.tgz",
      "integrity": "sha512-H5oELycFml5yto/atYqmjyigJoAo3+OXwolYiH7OfQuYlAqhxNvTfiNMbV9hsC6Yp83yE5r2KTVmtrG6R9i6Pg==",
      "license": "MIT"
    },
    "node_modules/react": {
      "version": "19.2.7",
      "resolved": "https://registry.npmjs.org/react/-/react-19.2.7.tgz",
      "integrity": "sha512-HNe9WslTbXmFK8o8cmwgAeJFSBvt1bPdHCVKtaaV+WlAN36mpT4hcRpwbf3fY56ar2oIXzsBpOAiIRHAdY0OlQ==",
      "license": "MIT",
      "peer": true,
      "engines": {
        "node": ">=0.10.0"
      }
    },
    "node_modules/react-dom": {
      "version": "19.2.7",
      "resolved": "https://registry.npmjs.org/react-dom/-/react-dom-19.2.7.tgz",
      "integrity": "sha512-t0BRVXvbiE/o20Hfw669rLbMCDWtYZLvmJigy2f0MxsXF+71pxhR3xOkspmsO8h3ZlNzyibAmtCa3l4lYKk6gQ==",
      "license": "MIT",
      "peer": true,
      "dependencies": {
        "scheduler": "^0.27.0"
      },
      "peerDependencies": {
        "react": "^19.2.7"
      }
    },
    "node_modules/scheduler": {
      "version": "0.27.0",
      "resolved": "https://registry.npmjs.org/scheduler/-/scheduler-0.27.0.tgz",
      "integrity": "sha512-eNv+WrVbKu1f3vbYJT/xtiF5syA5HPIMtf9IgY/nKg0sWqzAUEvqY/xm7OcZc/qafLx/iO9FgOmeSAp4v5ti/Q==",
      "license": "MIT",
      "peer": true
    },
    "node_modules/server-only": {
      "version": "0.0.1",
      "resolved": "https://registry.npmjs.org/server-only/-/server-only-0.0.1.tgz",
      "integrity": "sha512-qepMx2JxAa5jjfzxG79yPPq+8BuFToHd1hm7kI+Z4zAq1ftQiP7HcxMhDDItrbtwVeLg/cY2JnKnrcFkmiswNA==",
      "license": "MIT"
    }
  }
}
